# THIS IS AN AUTOGENERATED FILE. DO NOT EDIT THIS FILE DIRECTLY.
# yarn lockfile v1


lefthook@^0.0.1:
  version "0.0.1"
  resolved "https://registry.yarnpkg.com/lefthook/-/lefthook-0.0.1.tgz#0b70628fc3bf610ab5417e1927c75624021ca59e"
  integrity sha512-2ggyyCuCxZA8xTHSNEo2H8PR1Tz45w1n26uIH3AIPV4ASw4zak1HArrMIwgVedrjcqpBIygCgzr6b0I9TU0wUw==
